
Microsoft Visual Studio Solution File, Format Version 12.00
# Visual Studio Version 16
VisualStudioVersion = 16.0.30804.86
MinimumVisualStudioVersion = 10.0.40219.1
Project("{FAE04EC0-301F-11D3-BF4B-00C04F79EFBC}") = "Methoden", "Methoden\Methoden.csproj", "{E4EE774F-155D-4E34-9DE1-8AD36A83B303}"
EndProject
Global
	GlobalSection(SolutionConfigurationPlatforms) = preSolution
		Debug|Any CPU = Debug|Any CPU
		Release|Any CPU = Release|Any CPU
	EndGlobalSection
	GlobalSection(ProjectConfigurationPlatforms) = postSolution
		{E4EE774F-155D-4E34-9DE1-8AD36A83B303}.Debug|Any CPU.ActiveCfg = Debug|Any CPU
		{E4EE774F-155D-4E34-9DE1-8AD36A83B303}.Debug|Any CPU.Build.0 = Debug|Any CPU
		{E4EE774F-155D-4E34-9DE1-8AD36A83B303}.Release|Any CPU.ActiveCfg = Release|Any CPU
		{E4EE774F-155D-4E34-9DE1-8AD36A83B303}.Release|Any CPU.Build.0 = Release|Any CPU
	EndGlobalSection
	GlobalSection(SolutionProperties) = preSolution
		HideSolutionNode = FALSE
	EndGlobalSection
	GlobalSection(ExtensibilityGlobals) = postSolution
		SolutionGuid = {6F9359B5-CE4A-4F2E-961E-C56CCF1C0118}
	EndGlobalSection
EndGlobal
