
Microsoft Visual Studio Solution File, Format Version 12.00
# Visual Studio 15
VisualStudioVersion = 15.0.28307.329
MinimumVisualStudioVersion = 10.0.40219.1
Project("{FAE04EC0-301F-11D3-BF4B-00C04F79EFBC}") = "StreamReader", "StreamReader\StreamReader.csproj", "{885D896E-2871-4103-839C-FFAD78AFA18C}"
EndProject
Global
	GlobalSection(SolutionConfigurationPlatforms) = preSolution
		Debug|Any CPU = Debug|Any CPU
		Release|Any CPU = Release|Any CPU
	EndGlobalSection
	GlobalSection(ProjectConfigurationPlatforms) = postSolution
		{885D896E-2871-4103-839C-FFAD78AFA18C}.Debug|Any CPU.ActiveCfg = Debug|Any CPU
		{885D896E-2871-4103-839C-FFAD78AFA18C}.Debug|Any CPU.Build.0 = Debug|Any CPU
		{885D896E-2871-4103-839C-FFAD78AFA18C}.Release|Any CPU.ActiveCfg = Release|Any CPU
		{885D896E-2871-4103-839C-FFAD78AFA18C}.Release|Any CPU.Build.0 = Release|Any CPU
	EndGlobalSection
	GlobalSection(SolutionProperties) = preSolution
		HideSolutionNode = FALSE
	EndGlobalSection
	GlobalSection(ExtensibilityGlobals) = postSolution
		SolutionGuid = {22AE7E84-B9FE-4861-ACFE-B6FE32BC7E47}
	EndGlobalSection
EndGlobal
