
Microsoft Visual Studio Solution File, Format Version 12.00
# Visual Studio 15
VisualStudioVersion = 15.0.27428.2002
MinimumVisualStudioVersion = 10.0.40219.1
Project("{FAE04EC0-301F-11D3-BF4B-00C04F79EFBC}") = "TVFernbedienung", "TVFernbedienung\TVFernbedienung.csproj", "{DC9E7B91-14A5-400F-8BD1-57AE0C60CD10}"
EndProject
Global
	GlobalSection(SolutionConfigurationPlatforms) = preSolution
		Debug|Any CPU = Debug|Any CPU
		Release|Any CPU = Release|Any CPU
	EndGlobalSection
	GlobalSection(ProjectConfigurationPlatforms) = postSolution
		{DC9E7B91-14A5-400F-8BD1-57AE0C60CD10}.Debug|Any CPU.ActiveCfg = Debug|Any CPU
		{DC9E7B91-14A5-400F-8BD1-57AE0C60CD10}.Debug|Any CPU.Build.0 = Debug|Any CPU
		{DC9E7B91-14A5-400F-8BD1-57AE0C60CD10}.Release|Any CPU.ActiveCfg = Release|Any CPU
		{DC9E7B91-14A5-400F-8BD1-57AE0C60CD10}.Release|Any CPU.Build.0 = Release|Any CPU
	EndGlobalSection
	GlobalSection(SolutionProperties) = preSolution
		HideSolutionNode = FALSE
	EndGlobalSection
	GlobalSection(ExtensibilityGlobals) = postSolution
		SolutionGuid = {E1AA981C-4DF7-43C8-AC8E-104F1D8741B2}
	EndGlobalSection
EndGlobal
