
Microsoft Visual Studio Solution File, Format Version 12.00
# Visual Studio 15
VisualStudioVersion = 15.0.28307.489
MinimumVisualStudioVersion = 10.0.40219.1
Project("{FAE04EC0-301F-11D3-BF4B-00C04F79EFBC}") = "Events Youtube Channel", "Events Youtube Channel\Events Youtube Channel.csproj", "{8306F744-8255-4A9B-A470-DC2740A91758}"
EndProject
Global
	GlobalSection(SolutionConfigurationPlatforms) = preSolution
		Debug|Any CPU = Debug|Any CPU
		Release|Any CPU = Release|Any CPU
	EndGlobalSection
	GlobalSection(ProjectConfigurationPlatforms) = postSolution
		{8306F744-8255-4A9B-A470-DC2740A91758}.Debug|Any CPU.ActiveCfg = Debug|Any CPU
		{8306F744-8255-4A9B-A470-DC2740A91758}.Debug|Any CPU.Build.0 = Debug|Any CPU
		{8306F744-8255-4A9B-A470-DC2740A91758}.Release|Any CPU.ActiveCfg = Release|Any CPU
		{8306F744-8255-4A9B-A470-DC2740A91758}.Release|Any CPU.Build.0 = Release|Any CPU
	EndGlobalSection
	GlobalSection(SolutionProperties) = preSolution
		HideSolutionNode = FALSE
	EndGlobalSection
	GlobalSection(ExtensibilityGlobals) = postSolution
		SolutionGuid = {712849E6-A711-40B7-9043-75AE88E0F8BF}
	EndGlobalSection
EndGlobal
