
Microsoft Visual Studio Solution File, Format Version 12.00
# Visual Studio Version 16
VisualStudioVersion = 16.0.28729.10
MinimumVisualStudioVersion = 10.0.40219.1
Project("{FAE04EC0-301F-11D3-BF4B-00C04F79EFBC}") = "PizzaKebapAndDrinks", "PizzaKebapAndDrinks\PizzaKebapAndDrinks.csproj", "{B169EF7B-60DD-4879-AA92-2FE0C76A11FC}"
EndProject
Global
	GlobalSection(SolutionConfigurationPlatforms) = preSolution
		Debug|Any CPU = Debug|Any CPU
		Release|Any CPU = Release|Any CPU
	EndGlobalSection
	GlobalSection(ProjectConfigurationPlatforms) = postSolution
		{B169EF7B-60DD-4879-AA92-2FE0C76A11FC}.Debug|Any CPU.ActiveCfg = Debug|Any CPU
		{B169EF7B-60DD-4879-AA92-2FE0C76A11FC}.Debug|Any CPU.Build.0 = Debug|Any CPU
		{B169EF7B-60DD-4879-AA92-2FE0C76A11FC}.Release|Any CPU.ActiveCfg = Release|Any CPU
		{B169EF7B-60DD-4879-AA92-2FE0C76A11FC}.Release|Any CPU.Build.0 = Release|Any CPU
	EndGlobalSection
	GlobalSection(SolutionProperties) = preSolution
		HideSolutionNode = FALSE
	EndGlobalSection
	GlobalSection(ExtensibilityGlobals) = postSolution
		SolutionGuid = {546B4B0F-1812-4A30-A241-D11B3526C612}
	EndGlobalSection
EndGlobal
