
Microsoft Visual Studio Solution File, Format Version 12.00
# Visual Studio 15
VisualStudioVersion = 15.0.28010.2026
MinimumVisualStudioVersion = 10.0.40219.1
Project("{FAE04EC0-301F-11D3-BF4B-00C04F79EFBC}") = "MinUndMaxVonWerten", "MinUndMaxVonWerten\MinUndMaxVonWerten.csproj", "{B0DFE5DB-BEF3-495B-99E7-3DD3CDAEE56D}"
EndProject
Global
	GlobalSection(SolutionConfigurationPlatforms) = preSolution
		Debug|Any CPU = Debug|Any CPU
		Release|Any CPU = Release|Any CPU
	EndGlobalSection
	GlobalSection(ProjectConfigurationPlatforms) = postSolution
		{B0DFE5DB-BEF3-495B-99E7-3DD3CDAEE56D}.Debug|Any CPU.ActiveCfg = Debug|Any CPU
		{B0DFE5DB-BEF3-495B-99E7-3DD3CDAEE56D}.Debug|Any CPU.Build.0 = Debug|Any CPU
		{B0DFE5DB-BEF3-495B-99E7-3DD3CDAEE56D}.Release|Any CPU.ActiveCfg = Release|Any CPU
		{B0DFE5DB-BEF3-495B-99E7-3DD3CDAEE56D}.Release|Any CPU.Build.0 = Release|Any CPU
	EndGlobalSection
	GlobalSection(SolutionProperties) = preSolution
		HideSolutionNode = FALSE
	EndGlobalSection
	GlobalSection(ExtensibilityGlobals) = postSolution
		SolutionGuid = {F4E6D2C1-3012-4178-BEC3-714F25F5E81E}
	EndGlobalSection
EndGlobal
