
Microsoft Visual Studio Solution File, Format Version 12.00
Project("{FAE04EC0-301F-11D3-BF4B-00C04F79EFBC}") = "Getraenkeautomat1und2EuroDFA", "Getraenkeautomat1und2EuroDFA\Getraenkeautomat1und2EuroDFA.csproj", "{2503F288-6BB5-4FDB-A580-704131B7528E}"
EndProject
Global
	GlobalSection(SolutionConfigurationPlatforms) = preSolution
		Debug|Any CPU = Debug|Any CPU
		Release|Any CPU = Release|Any CPU
	EndGlobalSection
	GlobalSection(ProjectConfigurationPlatforms) = postSolution
		{2503F288-6BB5-4FDB-A580-704131B7528E}.Debug|Any CPU.ActiveCfg = Debug|Any CPU
		{2503F288-6BB5-4FDB-A580-704131B7528E}.Debug|Any CPU.Build.0 = Debug|Any CPU
		{2503F288-6BB5-4FDB-A580-704131B7528E}.Release|Any CPU.ActiveCfg = Release|Any CPU
		{2503F288-6BB5-4FDB-A580-704131B7528E}.Release|Any CPU.Build.0 = Release|Any CPU
	EndGlobalSection
EndGlobal
