
Microsoft Visual Studio Solution File, Format Version 12.00
# Visual Studio 15
VisualStudioVersion = 15.0.28307.329
MinimumVisualStudioVersion = 10.0.40219.1
Project("{FAE04EC0-301F-11D3-BF4B-00C04F79EFBC}") = "Arrays", "Arrays\Arrays.csproj", "{C8225B1F-F16D-47E9-8092-963CB331E1AF}"
EndProject
Global
	GlobalSection(SolutionConfigurationPlatforms) = preSolution
		Debug|Any CPU = Debug|Any CPU
		Release|Any CPU = Release|Any CPU
	EndGlobalSection
	GlobalSection(ProjectConfigurationPlatforms) = postSolution
		{C8225B1F-F16D-47E9-8092-963CB331E1AF}.Debug|Any CPU.ActiveCfg = Debug|Any CPU
		{C8225B1F-F16D-47E9-8092-963CB331E1AF}.Debug|Any CPU.Build.0 = Debug|Any CPU
		{C8225B1F-F16D-47E9-8092-963CB331E1AF}.Release|Any CPU.ActiveCfg = Release|Any CPU
		{C8225B1F-F16D-47E9-8092-963CB331E1AF}.Release|Any CPU.Build.0 = Release|Any CPU
	EndGlobalSection
	GlobalSection(SolutionProperties) = preSolution
		HideSolutionNode = FALSE
	EndGlobalSection
	GlobalSection(ExtensibilityGlobals) = postSolution
		SolutionGuid = {D1E72E50-0F81-4488-B2EB-85F3E60A2293}
	EndGlobalSection
EndGlobal
