
Microsoft Visual Studio Solution File, Format Version 12.00
# Visual Studio 15
VisualStudioVersion = 15.0.27130.2010
MinimumVisualStudioVersion = 10.0.40219.1
Project("{FAE04EC0-301F-11D3-BF4B-00C04F79EFBC}") = "Roman", "Roman\Roman.csproj", "{204418CC-3D1F-4B7F-887D-93EB23DFEC88}"
EndProject
Global
	GlobalSection(SolutionConfigurationPlatforms) = preSolution
		Debug|Any CPU = Debug|Any CPU
		Release|Any CPU = Release|Any CPU
	EndGlobalSection
	GlobalSection(ProjectConfigurationPlatforms) = postSolution
		{204418CC-3D1F-4B7F-887D-93EB23DFEC88}.Debug|Any CPU.ActiveCfg = Debug|Any CPU
		{204418CC-3D1F-4B7F-887D-93EB23DFEC88}.Debug|Any CPU.Build.0 = Debug|Any CPU
		{204418CC-3D1F-4B7F-887D-93EB23DFEC88}.Release|Any CPU.ActiveCfg = Release|Any CPU
		{204418CC-3D1F-4B7F-887D-93EB23DFEC88}.Release|Any CPU.Build.0 = Release|Any CPU
	EndGlobalSection
	GlobalSection(SolutionProperties) = preSolution
		HideSolutionNode = FALSE
	EndGlobalSection
	GlobalSection(ExtensibilityGlobals) = postSolution
		SolutionGuid = {0D383493-8F06-4CAC-9B4E-A5A675F46932}
	EndGlobalSection
EndGlobal
