
Microsoft Visual Studio Solution File, Format Version 12.00
# Visual Studio 15
VisualStudioVersion = 15.0.27428.2002
MinimumVisualStudioVersion = 10.0.40219.1
Project("{FAE04EC0-301F-11D3-BF4B-00C04F79EFBC}") = "Kurzgeschichte_DateTime", "Kurzgeschichte_DateTime\Kurzgeschichte_DateTime.csproj", "{B630B231-41CB-4FBE-9014-1F30E5EC2732}"
EndProject
Global
	GlobalSection(SolutionConfigurationPlatforms) = preSolution
		Debug|Any CPU = Debug|Any CPU
		Release|Any CPU = Release|Any CPU
	EndGlobalSection
	GlobalSection(ProjectConfigurationPlatforms) = postSolution
		{B630B231-41CB-4FBE-9014-1F30E5EC2732}.Debug|Any CPU.ActiveCfg = Debug|Any CPU
		{B630B231-41CB-4FBE-9014-1F30E5EC2732}.Debug|Any CPU.Build.0 = Debug|Any CPU
		{B630B231-41CB-4FBE-9014-1F30E5EC2732}.Release|Any CPU.ActiveCfg = Release|Any CPU
		{B630B231-41CB-4FBE-9014-1F30E5EC2732}.Release|Any CPU.Build.0 = Release|Any CPU
	EndGlobalSection
	GlobalSection(SolutionProperties) = preSolution
		HideSolutionNode = FALSE
	EndGlobalSection
	GlobalSection(ExtensibilityGlobals) = postSolution
		SolutionGuid = {18BDA8A7-E8F4-4B08-8B77-3DB2E18E14BC}
	EndGlobalSection
EndGlobal
